
Microsoft Visual Studio Solution File, Format Version 12.00
# Visual Studio Version 17
VisualStudioVersion = 17.8.34525.116
MinimumVisualStudioVersion = 10.0.40219.1
Project("{9A19103F-16F7-4668-BE54-9A1E7A4F7556}") = "ML_Algorithm", "ML_Algorithm\ML_Algorithm.csproj", "{B88BF115-6631-462A-B40B-DBE7E6F8D3F7}"
EndProject
Project("{9A19103F-16F7-4668-BE54-9A1E7A4F7556}") = "01.List", "01.List\01.List.csproj", "{414771D0-4D9E-4FCC-A20C-E743693F8B7D}"
EndProject
Project("{9A19103F-16F7-4668-BE54-9A1E7A4F7556}") = "01.List_Task", "01.List_Task\01.List_Task.csproj", "{8AACD279-B7D2-4597-92BB-BF1FA88D2679}"
EndProject
Project("{9A19103F-16F7-4668-BE54-9A1E7A4F7556}") = "02.LinkedList", "02.LinkedList\02.LinkedList.csproj", "{6FE823A4-B592-4E99-A45C-AEAED5C2E521}"
EndProject
Project("{9A19103F-16F7-4668-BE54-9A1E7A4F7556}") = "02.LinkedList_Task", "02.LinkedList_Task\02.LinkedList_Task.csproj", "{E1C8B7FC-5789-4780-BB52-948D6872C028}"
EndProject
Project("{FAE04EC0-301F-11D3-BF4B-00C04F79EFBC}") = "03.Stack", "03.Stack\03.Stack.csproj", "{788D3E08-A318-49C8-8C86-1872931BD760}"
EndProject
Project("{FAE04EC0-301F-11D3-BF4B-00C04F79EFBC}") = "04.Queue", "04.Queue\04.Queue.csproj", "{31C87CEB-331A-4A06-87B1-930B9945BE64}"
EndProject
Global
	GlobalSection(SolutionConfigurationPlatforms) = preSolution
		Debug|Any CPU = Debug|Any CPU
		Release|Any CPU = Release|Any CPU
	EndGlobalSection
	GlobalSection(ProjectConfigurationPlatforms) = postSolution
		{B88BF115-6631-462A-B40B-DBE7E6F8D3F7}.Debug|Any CPU.ActiveCfg = Debug|Any CPU
		{B88BF115-6631-462A-B40B-DBE7E6F8D3F7}.Debug|Any CPU.Build.0 = Debug|Any CPU
		{B88BF115-6631-462A-B40B-DBE7E6F8D3F7}.Release|Any CPU.ActiveCfg = Release|Any CPU
		{B88BF115-6631-462A-B40B-DBE7E6F8D3F7}.Release|Any CPU.Build.0 = Release|Any CPU
		{414771D0-4D9E-4FCC-A20C-E743693F8B7D}.Debug|Any CPU.ActiveCfg = Debug|Any CPU
		{414771D0-4D9E-4FCC-A20C-E743693F8B7D}.Debug|Any CPU.Build.0 = Debug|Any CPU
		{414771D0-4D9E-4FCC-A20C-E743693F8B7D}.Release|Any CPU.ActiveCfg = Release|Any CPU
		{414771D0-4D9E-4FCC-A20C-E743693F8B7D}.Release|Any CPU.Build.0 = Release|Any CPU
		{8AACD279-B7D2-4597-92BB-BF1FA88D2679}.Debug|Any CPU.ActiveCfg = Debug|Any CPU
		{8AACD279-B7D2-4597-92BB-BF1FA88D2679}.Debug|Any CPU.Build.0 = Debug|Any CPU
		{8AACD279-B7D2-4597-92BB-BF1FA88D2679}.Release|Any CPU.ActiveCfg = Release|Any CPU
		{8AACD279-B7D2-4597-92BB-BF1FA88D2679}.Release|Any CPU.Build.0 = Release|Any CPU
		{6FE823A4-B592-4E99-A45C-AEAED5C2E521}.Debug|Any CPU.ActiveCfg = Debug|Any CPU
		{6FE823A4-B592-4E99-A45C-AEAED5C2E521}.Debug|Any CPU.Build.0 = Debug|Any CPU
		{6FE823A4-B592-4E99-A45C-AEAED5C2E521}.Release|Any CPU.ActiveCfg = Release|Any CPU
		{6FE823A4-B592-4E99-A45C-AEAED5C2E521}.Release|Any CPU.Build.0 = Release|Any CPU
		{E1C8B7FC-5789-4780-BB52-948D6872C028}.Debug|Any CPU.ActiveCfg = Debug|Any CPU
		{E1C8B7FC-5789-4780-BB52-948D6872C028}.Debug|Any CPU.Build.0 = Debug|Any CPU
		{E1C8B7FC-5789-4780-BB52-948D6872C028}.Release|Any CPU.ActiveCfg = Release|Any CPU
		{E1C8B7FC-5789-4780-BB52-948D6872C028}.Release|Any CPU.Build.0 = Release|Any CPU
		{788D3E08-A318-49C8-8C86-1872931BD760}.Debug|Any CPU.ActiveCfg = Debug|Any CPU
		{788D3E08-A318-49C8-8C86-1872931BD760}.Debug|Any CPU.Build.0 = Debug|Any CPU
		{788D3E08-A318-49C8-8C86-1872931BD760}.Release|Any CPU.ActiveCfg = Release|Any CPU
		{788D3E08-A318-49C8-8C86-1872931BD760}.Release|Any CPU.Build.0 = Release|Any CPU
		{31C87CEB-331A-4A06-87B1-930B9945BE64}.Debug|Any CPU.ActiveCfg = Debug|Any CPU
		{31C87CEB-331A-4A06-87B1-930B9945BE64}.Debug|Any CPU.Build.0 = Debug|Any CPU
		{31C87CEB-331A-4A06-87B1-930B9945BE64}.Release|Any CPU.ActiveCfg = Release|Any CPU
		{31C87CEB-331A-4A06-87B1-930B9945BE64}.Release|Any CPU.Build.0 = Release|Any CPU
	EndGlobalSection
	GlobalSection(SolutionProperties) = preSolution
		HideSolutionNode = FALSE
	EndGlobalSection
	GlobalSection(ExtensibilityGlobals) = postSolution
		SolutionGuid = {7B5D3913-11C3-4352-B826-9F1D182532B1}
	EndGlobalSection
EndGlobal
